
Microsoft Visual Studio Solution File, Format Version 11.00
# Visual Studio 2010
Project("{FAE04EC0-301F-11D3-BF4B-00C04F79EFBC}") = "Assembly-CSharp", "Assembly-CSharp.csproj", "{0b41abe6-3531-b33f-ec4f-fd41e6ca4fdd}"
EndProject
Project("{FAE04EC0-301F-11D3-BF4B-00C04F79EFBC}") = "Assembly-CSharp-Editor", "Assembly-CSharp-Editor.csproj", "{27658330-840e-3eef-b486-c4caf915a09a}"
EndProject
Global
	GlobalSection(SolutionConfigurationPlatforms) = preSolution
		Debug|Any CPU = Debug|Any CPU
	EndGlobalSection
	GlobalSection(ProjectConfigurationPlatforms) = postSolution
		{0b41abe6-3531-b33f-ec4f-fd41e6ca4fdd}.Debug|Any CPU.ActiveCfg = Debug|Any CPU
		{0b41abe6-3531-b33f-ec4f-fd41e6ca4fdd}.Debug|Any CPU.Build.0 = Debug|Any CPU
		{27658330-840e-3eef-b486-c4caf915a09a}.Debug|Any CPU.ActiveCfg = Debug|Any CPU
		{27658330-840e-3eef-b486-c4caf915a09a}.Debug|Any CPU.Build.0 = Debug|Any CPU
	EndGlobalSection
	GlobalSection(SolutionProperties) = preSolution
		HideSolutionNode = FALSE
	EndGlobalSection
EndGlobal
